
Microsoft Visual Studio Solution File, Format Version 12.00
# Visual Studio Version 17
VisualStudioVersion = 17.4.33110.190
MinimumVisualStudioVersion = 10.0.40219.1
Project("{FAE04EC0-301F-11D3-BF4B-00C04F79EFBC}") = "DURANDAL IO", "DURANDAL IO.csproj", "{F88C03E2-AA01-4159-999F-D4F105DBDDA1}"
EndProject
Global
	GlobalSection(SolutionConfigurationPlatforms) = preSolution
		Debug|Any CPU = Debug|Any CPU
		Release|Any CPU = Release|Any CPU
	EndGlobalSection
	GlobalSection(ProjectConfigurationPlatforms) = postSolution
		{F88C03E2-AA01-4159-999F-D4F105DBDDA1}.Debug|Any CPU.ActiveCfg = Debug|Any CPU
		{F88C03E2-AA01-4159-999F-D4F105DBDDA1}.Debug|Any CPU.Build.0 = Debug|Any CPU
		{F88C03E2-AA01-4159-999F-D4F105DBDDA1}.Release|Any CPU.ActiveCfg = Release|Any CPU
		{F88C03E2-AA01-4159-999F-D4F105DBDDA1}.Release|Any CPU.Build.0 = Release|Any CPU
	EndGlobalSection
	GlobalSection(SolutionProperties) = preSolution
		HideSolutionNode = FALSE
	EndGlobalSection
	GlobalSection(ExtensibilityGlobals) = postSolution
		SolutionGuid = {72EBE457-6A4F-48AD-B18F-9BCA7DC614C7}
	EndGlobalSection
EndGlobal
